
Microsoft Visual Studio Solution File, Format Version 12.00
# Visual Studio Version 17
VisualStudioVersion = 17.14.36310.24 d17.14
MinimumVisualStudioVersion = 10.0.40219.1
Project("{FAE04EC0-301F-11D3-BF4B-00C04F79EFBC}") = "26) Shipment Box Packer (Greedy)", "26) Shipment Box Packer (Greedy).csproj", "{F6F3F289-0836-4073-879F-8D14664AC092}"
EndProject
Global
	GlobalSection(SolutionConfigurationPlatforms) = preSolution
		Debug|Any CPU = Debug|Any CPU
		Release|Any CPU = Release|Any CPU
	EndGlobalSection
	GlobalSection(ProjectConfigurationPlatforms) = postSolution
		{F6F3F289-0836-4073-879F-8D14664AC092}.Debug|Any CPU.ActiveCfg = Debug|Any CPU
		{F6F3F289-0836-4073-879F-8D14664AC092}.Debug|Any CPU.Build.0 = Debug|Any CPU
		{F6F3F289-0836-4073-879F-8D14664AC092}.Release|Any CPU.ActiveCfg = Release|Any CPU
		{F6F3F289-0836-4073-879F-8D14664AC092}.Release|Any CPU.Build.0 = Release|Any CPU
	EndGlobalSection
	GlobalSection(SolutionProperties) = preSolution
		HideSolutionNode = FALSE
	EndGlobalSection
	GlobalSection(ExtensibilityGlobals) = postSolution
		SolutionGuid = {DEC4CC2B-2BEF-4994-A940-761F0FED8A21}
	EndGlobalSection
EndGlobal
